
Microsoft Visual Studio Solution File, Format Version 12.00
# Visual Studio Version 17
VisualStudioVersion = 17.10.35013.160
MinimumVisualStudioVersion = 10.0.40219.1
Project("{FAE04EC0-301F-11D3-BF4B-00C04F79EFBC}") = "WeatherApp", "WeatherApp.csproj", "{CAAAEDD3-B5F3-4BBD-8EFB-02559E7425B2}"
EndProject
Global
	GlobalSection(SolutionConfigurationPlatforms) = preSolution
		Debug|Any CPU = Debug|Any CPU
		Release|Any CPU = Release|Any CPU
	EndGlobalSection
	GlobalSection(ProjectConfigurationPlatforms) = postSolution
		{CAAAEDD3-B5F3-4BBD-8EFB-02559E7425B2}.Debug|Any CPU.ActiveCfg = Debug|Any CPU
		{CAAAEDD3-B5F3-4BBD-8EFB-02559E7425B2}.Debug|Any CPU.Build.0 = Debug|Any CPU
		{CAAAEDD3-B5F3-4BBD-8EFB-02559E7425B2}.Release|Any CPU.ActiveCfg = Release|Any CPU
		{CAAAEDD3-B5F3-4BBD-8EFB-02559E7425B2}.Release|Any CPU.Build.0 = Release|Any CPU
	EndGlobalSection
	GlobalSection(SolutionProperties) = preSolution
		HideSolutionNode = FALSE
	EndGlobalSection
	GlobalSection(ExtensibilityGlobals) = postSolution
		SolutionGuid = {C7FC9398-9591-4741-BB42-B3C99F6797E0}
	EndGlobalSection
EndGlobal
